
Microsoft Visual Studio Solution File, Format Version 12.00
# Visual Studio Version 17
VisualStudioVersion = 17.6.33829.357
MinimumVisualStudioVersion = 10.0.40219.1
Project("{888888A0-9F3D-457C-B088-3A5042F75D52}") = "vigenere", "vigenere\vigenere.pyproj", "{811ED62C-2FCE-4D5F-820D-1AB281DB2C09}"
EndProject
Global
	GlobalSection(SolutionConfigurationPlatforms) = preSolution
		Debug|Any CPU = Debug|Any CPU
		Release|Any CPU = Release|Any CPU
	EndGlobalSection
	GlobalSection(ProjectConfigurationPlatforms) = postSolution
		{811ED62C-2FCE-4D5F-820D-1AB281DB2C09}.Debug|Any CPU.ActiveCfg = Debug|Any CPU
		{811ED62C-2FCE-4D5F-820D-1AB281DB2C09}.Release|Any CPU.ActiveCfg = Release|Any CPU
	EndGlobalSection
	GlobalSection(SolutionProperties) = preSolution
		HideSolutionNode = FALSE
	EndGlobalSection
	GlobalSection(ExtensibilityGlobals) = postSolution
		SolutionGuid = {C8607364-8CAD-47D8-AB12-0562A58C8DBD}
	EndGlobalSection
EndGlobal
